
Microsoft Visual Studio Solution File, Format Version 12.00
# Visual Studio Version 17
VisualStudioVersion = 17.0.31912.275
MinimumVisualStudioVersion = 10.0.40219.1
Project("{9A19103F-16F7-4668-BE54-9A1E7A4F7556}") = "Wep.App", "Wep.App\Wep.App.csproj", "{9B27B2FD-0700-4519-A6B2-6475FA44D1ED}"
EndProject
Project("{9A19103F-16F7-4668-BE54-9A1E7A4F7556}") = "Entities", "Entities\Entities.csproj", "{5A096E47-E9C9-488A-9D6B-EAEA54CD8B7C}"
EndProject
Project("{9A19103F-16F7-4668-BE54-9A1E7A4F7556}") = "UseCases", "UseCases\UseCases.csproj", "{3784DB41-730C-4FCA-87E6-20636D6C3C94}"
EndProject
Project("{2150E333-8FDC-42A3-9474-1A3956D46DE8}") = "Infrustructure.Interfaces", "Infrustructure.Interfaces", "{BD07153A-DFB2-4A9C-A9F4-2E9D7FB4D43B}"
EndProject
Project("{2150E333-8FDC-42A3-9474-1A3956D46DE8}") = "Infurstructure.Impl", "Infurstructure.Impl", "{90A675E0-AFFD-4E31-92EF-2BDD797EB247}"
EndProject
Project("{9A19103F-16F7-4668-BE54-9A1E7A4F7556}") = "DataAccess.Interfaces", "DataAccess.Interfaces\DataAccess.Interfaces.csproj", "{C807C995-C761-46E4-9EF4-70DD9AB11544}"
EndProject
Project("{9A19103F-16F7-4668-BE54-9A1E7A4F7556}") = "DataAccess.Implementation", "DataAccess.Implementation\DataAccess.Implementation.csproj", "{46E60D16-0BFF-48FF-8C7E-93C0543CB8C9}"
EndProject
Project("{9A19103F-16F7-4668-BE54-9A1E7A4F7556}") = "Shared", "Shared\Shared.csproj", "{053FCA5E-65DD-4493-BADC-D9BBF8702D27}"
EndProject
Project("{9A19103F-16F7-4668-BE54-9A1E7A4F7556}") = "Authorization.Interfaces", "Authorization.Interfaces\Authorization.Interfaces.csproj", "{A3861914-35D2-470D-99BF-B047ECBB8C22}"
EndProject
Project("{9A19103F-16F7-4668-BE54-9A1E7A4F7556}") = "Authorization.Impl", "Authorization.Impl\Authorization.Impl.csproj", "{DB342F58-F117-4773-84A2-D105AD510F73}"
EndProject
Project("{9A19103F-16F7-4668-BE54-9A1E7A4F7556}") = "MailSender.Interfaces", "MailSender.Interfaces\MailSender.Interfaces.csproj", "{8D5F88E4-DC73-4358-849D-EA795F4FB11E}"
EndProject
Project("{9A19103F-16F7-4668-BE54-9A1E7A4F7556}") = "MailSender.Impl", "MailSender.Impl\MailSender.Impl.csproj", "{76A6B3D7-CB5E-4C27-AF2F-F214DAB3D800}"
EndProject
Project("{9A19103F-16F7-4668-BE54-9A1E7A4F7556}") = "Application.Interfaces", "Application.Interfaces\Application.Interfaces.csproj", "{DFDD6AEF-10E9-4527-82DE-712C41D2B38E}"
EndProject
Project("{9A19103F-16F7-4668-BE54-9A1E7A4F7556}") = "Application.Implementation", "Application.Implementation\Application.Implementation.csproj", "{3E1D9C6D-217F-483D-8351-56F254E55119}"
EndProject
Project("{9A19103F-16F7-4668-BE54-9A1E7A4F7556}") = "Filter.Interfaces", "Filter.Interfaces\Filter.Interfaces.csproj", "{3B71CD68-261A-486C-9DD6-582BACB4FD40}"
EndProject
Project("{FAE04EC0-301F-11D3-BF4B-00C04F79EFBC}") = "Filter.Implement", "Filter.Implement\Filter.Implement.csproj", "{98CAA056-6638-4E57-B98F-8F1437C0335C}"
EndProject
Global
	GlobalSection(SolutionConfigurationPlatforms) = preSolution
		Debug|Any CPU = Debug|Any CPU
		Release|Any CPU = Release|Any CPU
	EndGlobalSection
	GlobalSection(ProjectConfigurationPlatforms) = postSolution
		{9B27B2FD-0700-4519-A6B2-6475FA44D1ED}.Debug|Any CPU.ActiveCfg = Debug|Any CPU
		{9B27B2FD-0700-4519-A6B2-6475FA44D1ED}.Debug|Any CPU.Build.0 = Debug|Any CPU
		{9B27B2FD-0700-4519-A6B2-6475FA44D1ED}.Release|Any CPU.ActiveCfg = Release|Any CPU
		{9B27B2FD-0700-4519-A6B2-6475FA44D1ED}.Release|Any CPU.Build.0 = Release|Any CPU
		{5A096E47-E9C9-488A-9D6B-EAEA54CD8B7C}.Debug|Any CPU.ActiveCfg = Debug|Any CPU
		{5A096E47-E9C9-488A-9D6B-EAEA54CD8B7C}.Debug|Any CPU.Build.0 = Debug|Any CPU
		{5A096E47-E9C9-488A-9D6B-EAEA54CD8B7C}.Release|Any CPU.ActiveCfg = Release|Any CPU
		{5A096E47-E9C9-488A-9D6B-EAEA54CD8B7C}.Release|Any CPU.Build.0 = Release|Any CPU
		{3784DB41-730C-4FCA-87E6-20636D6C3C94}.Debug|Any CPU.ActiveCfg = Debug|Any CPU
		{3784DB41-730C-4FCA-87E6-20636D6C3C94}.Debug|Any CPU.Build.0 = Debug|Any CPU
		{3784DB41-730C-4FCA-87E6-20636D6C3C94}.Release|Any CPU.ActiveCfg = Release|Any CPU
		{3784DB41-730C-4FCA-87E6-20636D6C3C94}.Release|Any CPU.Build.0 = Release|Any CPU
		{C807C995-C761-46E4-9EF4-70DD9AB11544}.Debug|Any CPU.ActiveCfg = Debug|Any CPU
		{C807C995-C761-46E4-9EF4-70DD9AB11544}.Debug|Any CPU.Build.0 = Debug|Any CPU
		{C807C995-C761-46E4-9EF4-70DD9AB11544}.Release|Any CPU.ActiveCfg = Release|Any CPU
		{C807C995-C761-46E4-9EF4-70DD9AB11544}.Release|Any CPU.Build.0 = Release|Any CPU
		{46E60D16-0BFF-48FF-8C7E-93C0543CB8C9}.Debug|Any CPU.ActiveCfg = Debug|Any CPU
		{46E60D16-0BFF-48FF-8C7E-93C0543CB8C9}.Debug|Any CPU.Build.0 = Debug|Any CPU
		{46E60D16-0BFF-48FF-8C7E-93C0543CB8C9}.Release|Any CPU.ActiveCfg = Release|Any CPU
		{46E60D16-0BFF-48FF-8C7E-93C0543CB8C9}.Release|Any CPU.Build.0 = Release|Any CPU
		{053FCA5E-65DD-4493-BADC-D9BBF8702D27}.Debug|Any CPU.ActiveCfg = Debug|Any CPU
		{053FCA5E-65DD-4493-BADC-D9BBF8702D27}.Debug|Any CPU.Build.0 = Debug|Any CPU
		{053FCA5E-65DD-4493-BADC-D9BBF8702D27}.Release|Any CPU.ActiveCfg = Release|Any CPU
		{053FCA5E-65DD-4493-BADC-D9BBF8702D27}.Release|Any CPU.Build.0 = Release|Any CPU
		{A3861914-35D2-470D-99BF-B047ECBB8C22}.Debug|Any CPU.ActiveCfg = Debug|Any CPU
		{A3861914-35D2-470D-99BF-B047ECBB8C22}.Debug|Any CPU.Build.0 = Debug|Any CPU
		{A3861914-35D2-470D-99BF-B047ECBB8C22}.Release|Any CPU.ActiveCfg = Release|Any CPU
		{A3861914-35D2-470D-99BF-B047ECBB8C22}.Release|Any CPU.Build.0 = Release|Any CPU
		{DB342F58-F117-4773-84A2-D105AD510F73}.Debug|Any CPU.ActiveCfg = Debug|Any CPU
		{DB342F58-F117-4773-84A2-D105AD510F73}.Debug|Any CPU.Build.0 = Debug|Any CPU
		{DB342F58-F117-4773-84A2-D105AD510F73}.Release|Any CPU.ActiveCfg = Release|Any CPU
		{DB342F58-F117-4773-84A2-D105AD510F73}.Release|Any CPU.Build.0 = Release|Any CPU
		{8D5F88E4-DC73-4358-849D-EA795F4FB11E}.Debug|Any CPU.ActiveCfg = Debug|Any CPU
		{8D5F88E4-DC73-4358-849D-EA795F4FB11E}.Debug|Any CPU.Build.0 = Debug|Any CPU
		{8D5F88E4-DC73-4358-849D-EA795F4FB11E}.Release|Any CPU.ActiveCfg = Release|Any CPU
		{8D5F88E4-DC73-4358-849D-EA795F4FB11E}.Release|Any CPU.Build.0 = Release|Any CPU
		{76A6B3D7-CB5E-4C27-AF2F-F214DAB3D800}.Debug|Any CPU.ActiveCfg = Debug|Any CPU
		{76A6B3D7-CB5E-4C27-AF2F-F214DAB3D800}.Debug|Any CPU.Build.0 = Debug|Any CPU
		{76A6B3D7-CB5E-4C27-AF2F-F214DAB3D800}.Release|Any CPU.ActiveCfg = Release|Any CPU
		{76A6B3D7-CB5E-4C27-AF2F-F214DAB3D800}.Release|Any CPU.Build.0 = Release|Any CPU
		{DFDD6AEF-10E9-4527-82DE-712C41D2B38E}.Debug|Any CPU.ActiveCfg = Debug|Any CPU
		{DFDD6AEF-10E9-4527-82DE-712C41D2B38E}.Debug|Any CPU.Build.0 = Debug|Any CPU
		{DFDD6AEF-10E9-4527-82DE-712C41D2B38E}.Release|Any CPU.ActiveCfg = Release|Any CPU
		{DFDD6AEF-10E9-4527-82DE-712C41D2B38E}.Release|Any CPU.Build.0 = Release|Any CPU
		{3E1D9C6D-217F-483D-8351-56F254E55119}.Debug|Any CPU.ActiveCfg = Debug|Any CPU
		{3E1D9C6D-217F-483D-8351-56F254E55119}.Debug|Any CPU.Build.0 = Debug|Any CPU
		{3E1D9C6D-217F-483D-8351-56F254E55119}.Release|Any CPU.ActiveCfg = Release|Any CPU
		{3E1D9C6D-217F-483D-8351-56F254E55119}.Release|Any CPU.Build.0 = Release|Any CPU
		{3B71CD68-261A-486C-9DD6-582BACB4FD40}.Debug|Any CPU.ActiveCfg = Debug|Any CPU
		{3B71CD68-261A-486C-9DD6-582BACB4FD40}.Debug|Any CPU.Build.0 = Debug|Any CPU
		{3B71CD68-261A-486C-9DD6-582BACB4FD40}.Release|Any CPU.ActiveCfg = Release|Any CPU
		{3B71CD68-261A-486C-9DD6-582BACB4FD40}.Release|Any CPU.Build.0 = Release|Any CPU
		{98CAA056-6638-4E57-B98F-8F1437C0335C}.Debug|Any CPU.ActiveCfg = Debug|Any CPU
		{98CAA056-6638-4E57-B98F-8F1437C0335C}.Debug|Any CPU.Build.0 = Debug|Any CPU
		{98CAA056-6638-4E57-B98F-8F1437C0335C}.Release|Any CPU.ActiveCfg = Release|Any CPU
		{98CAA056-6638-4E57-B98F-8F1437C0335C}.Release|Any CPU.Build.0 = Release|Any CPU
	EndGlobalSection
	GlobalSection(SolutionProperties) = preSolution
		HideSolutionNode = FALSE
	EndGlobalSection
	GlobalSection(NestedProjects) = preSolution
		{C807C995-C761-46E4-9EF4-70DD9AB11544} = {BD07153A-DFB2-4A9C-A9F4-2E9D7FB4D43B}
		{46E60D16-0BFF-48FF-8C7E-93C0543CB8C9} = {90A675E0-AFFD-4E31-92EF-2BDD797EB247}
		{A3861914-35D2-470D-99BF-B047ECBB8C22} = {BD07153A-DFB2-4A9C-A9F4-2E9D7FB4D43B}
		{DB342F58-F117-4773-84A2-D105AD510F73} = {90A675E0-AFFD-4E31-92EF-2BDD797EB247}
		{8D5F88E4-DC73-4358-849D-EA795F4FB11E} = {BD07153A-DFB2-4A9C-A9F4-2E9D7FB4D43B}
		{76A6B3D7-CB5E-4C27-AF2F-F214DAB3D800} = {90A675E0-AFFD-4E31-92EF-2BDD797EB247}
		{3B71CD68-261A-486C-9DD6-582BACB4FD40} = {BD07153A-DFB2-4A9C-A9F4-2E9D7FB4D43B}
		{98CAA056-6638-4E57-B98F-8F1437C0335C} = {90A675E0-AFFD-4E31-92EF-2BDD797EB247}
	EndGlobalSection
	GlobalSection(ExtensibilityGlobals) = postSolution
		SolutionGuid = {4EF6259D-21ED-4593-83C0-3C107F16E30E}
	EndGlobalSection
EndGlobal
